
Microsoft Visual Studio Solution File, Format Version 12.00
# Visual Studio 15
VisualStudioVersion = 15.0.27428.2037
MinimumVisualStudioVersion = 10.0.40219.1
Project("{FAE04EC0-301F-11D3-BF4B-00C04F79EFBC}") = "Auditor", "Auditor\Auditor.csproj", "{CCA43F8B-9963-491A-861C-87319E25CAB2}"
EndProject
Project("{2150E333-8FDC-42A3-9474-1A3956D46DE8}") = "Auditor.Common", "Auditor.Common", "{215514C4-9798-40B6-A895-5316533710AB}"
EndProject
Project("{FAE04EC0-301F-11D3-BF4B-00C04F79EFBC}") = "Auditor.Common.Files", "Auditor.Common.Files\Auditor.Common.Files.csproj", "{162F2E2E-C8A1-481E-AF61-4D589647BE6B}"
EndProject
Global
	GlobalSection(SolutionConfigurationPlatforms) = preSolution
		Debug|Any CPU = Debug|Any CPU
		Release|Any CPU = Release|Any CPU
	EndGlobalSection
	GlobalSection(ProjectConfigurationPlatforms) = postSolution
		{CCA43F8B-9963-491A-861C-87319E25CAB2}.Debug|Any CPU.ActiveCfg = Debug|Any CPU
		{CCA43F8B-9963-491A-861C-87319E25CAB2}.Debug|Any CPU.Build.0 = Debug|Any CPU
		{CCA43F8B-9963-491A-861C-87319E25CAB2}.Release|Any CPU.ActiveCfg = Release|Any CPU
		{CCA43F8B-9963-491A-861C-87319E25CAB2}.Release|Any CPU.Build.0 = Release|Any CPU
		{162F2E2E-C8A1-481E-AF61-4D589647BE6B}.Debug|Any CPU.ActiveCfg = Debug|Any CPU
		{162F2E2E-C8A1-481E-AF61-4D589647BE6B}.Debug|Any CPU.Build.0 = Debug|Any CPU
		{162F2E2E-C8A1-481E-AF61-4D589647BE6B}.Release|Any CPU.ActiveCfg = Release|Any CPU
		{162F2E2E-C8A1-481E-AF61-4D589647BE6B}.Release|Any CPU.Build.0 = Release|Any CPU
	EndGlobalSection
	GlobalSection(SolutionProperties) = preSolution
		HideSolutionNode = FALSE
	EndGlobalSection
	GlobalSection(NestedProjects) = preSolution
		{162F2E2E-C8A1-481E-AF61-4D589647BE6B} = {215514C4-9798-40B6-A895-5316533710AB}
	EndGlobalSection
	GlobalSection(ExtensibilityGlobals) = postSolution
		SolutionGuid = {E3540805-7EB6-4083-B4D9-990B76CDFD2D}
	EndGlobalSection
EndGlobal
